
Microsoft Visual Studio Solution File, Format Version 12.00
# Visual Studio Version 16
VisualStudioVersion = 16.0.810.7
MinimumVisualStudioVersion = 10.0.40219.1
Project("{FAE04EC0-301F-11D3-BF4B-00C04F79EFBC}") = "myntech-io-utils-securityissues", "myntech-io-utils-securityissues\myntech-io-utils-securityissues.csproj", "{5D14199F-9825-4965-AB40-B759AE9A3D3B}"
EndProject
Global
	GlobalSection(SolutionConfigurationPlatforms) = preSolution
		Debug|Any CPU = Debug|Any CPU
		Release|Any CPU = Release|Any CPU
	EndGlobalSection
	GlobalSection(ProjectConfigurationPlatforms) = postSolution
		{5D14199F-9825-4965-AB40-B759AE9A3D3B}.Debug|Any CPU.ActiveCfg = Debug|Any CPU
		{5D14199F-9825-4965-AB40-B759AE9A3D3B}.Debug|Any CPU.Build.0 = Debug|Any CPU
		{5D14199F-9825-4965-AB40-B759AE9A3D3B}.Release|Any CPU.ActiveCfg = Release|Any CPU
		{5D14199F-9825-4965-AB40-B759AE9A3D3B}.Release|Any CPU.Build.0 = Release|Any CPU
	EndGlobalSection
	GlobalSection(SolutionProperties) = preSolution
		HideSolutionNode = FALSE
	EndGlobalSection
	GlobalSection(ExtensibilityGlobals) = postSolution
		SolutionGuid = {F27E1E23-D037-4189-B787-215E924FA972}
	EndGlobalSection
EndGlobal
